// !$*UTF8*$!
{
	archiveVersion = 1;
	classes = {
	};
	objectVersion = 46;
	objects = {

/* Begin PBXBuildFile section */
		513212471D68416C0063A87A /* PersistenceLayer.h in Headers */ = {isa = PBXBuildFile; fileRef = 513212461D68416C0063A87A /* PersistenceLayer.h */; settings = {ATTRIBUTES = (Public, ); }; };
		5132124D1D68416C0063A87A /* PersistenceLayer.framework in Frameworks */ = {isa = PBXBuildFile; fileRef = 513212411D68416C0063A87A /* PersistenceLayer.framework */; };
		513212541D68416C0063A87A /* PersistenceLayerTests.m in Sources */ = {isa = PBXBuildFile; fileRef = 513212531D68416C0063A87A /* PersistenceLayerTests.m */; };
		5132129D1D6851FE0063A87A /* Events.h in Headers */ = {isa = PBXBuildFile; fileRef = 5132129B1D6851FE0063A87A /* Events.h */; };
		5132129E1D6851FE0063A87A /* Events.m in Sources */ = {isa = PBXBuildFile; fileRef = 5132129C1D6851FE0063A87A /* Events.m */; };
		513212A11D68520E0063A87A /* Schedule.h in Headers */ = {isa = PBXBuildFile; fileRef = 5132129F1D68520E0063A87A /* Schedule.h */; };
		513212A21D68520E0063A87A /* Schedule.m in Sources */ = {isa = PBXBuildFile; fileRef = 513212A01D68520E0063A87A /* Schedule.m */; };
		513212AD1D68547E0063A87A /* EventsDao.h in Headers */ = {isa = PBXBuildFile; fileRef = 513212AB1D68547E0063A87A /* EventsDao.h */; };
		513212AE1D68547E0063A87A /* EventsDao.m in Sources */ = {isa = PBXBuildFile; fileRef = 513212AC1D68547E0063A87A /* EventsDao.m */; };
		513212B11D6854980063A87A /* ScheduleDao.h in Headers */ = {isa = PBXBuildFile; fileRef = 513212AF1D6854980063A87A /* ScheduleDao.h */; };
		513212B21D6854980063A87A /* ScheduleDao.m in Sources */ = {isa = PBXBuildFile; fileRef = 513212B01D6854980063A87A /* ScheduleDao.m */; };
/* End PBXBuildFile section */

/* Begin PBXContainerItemProxy section */
		5132124E1D68416C0063A87A /* PBXContainerItemProxy */ = {
			isa = PBXContainerItemProxy;
			containerPortal = 513212381D68416C0063A87A /* Project object */;
			proxyType = 1;
			remoteGlobalIDString = 513212401D68416C0063A87A;
			remoteInfo = PersistenceLayer;
		};
/* End PBXContainerItemProxy section */

/* Begin PBXFileReference section */
		513212411D68416C0063A87A /* PersistenceLayer.framework */ = {isa = PBXFileReference; explicitFileType = wrapper.framework; includeInIndex = 0; path = PersistenceLayer.framework; sourceTree = BUILT_PRODUCTS_DIR; };
		513212451D68416C0063A87A /* Info.plist */ = {isa = PBXFileReference; lastKnownFileType = text.plist.xml; path = Info.plist; sourceTree = "<group>"; };
		513212461D68416C0063A87A /* PersistenceLayer.h */ = {isa = PBXFileReference; lastKnownFileType = sourcecode.c.h; path = PersistenceLayer.h; sourceTree = "<group>"; };
		5132124C1D68416C0063A87A /* PersistenceLayerTests.xctest */ = {isa = PBXFileReference; explicitFileType = wrapper.cfbundle; includeInIndex = 0; path = PersistenceLayerTests.xctest; sourceTree = BUILT_PRODUCTS_DIR; };
		513212521D68416C0063A87A /* Info.plist */ = {isa = PBXFileReference; lastKnownFileType = text.plist.xml; path = Info.plist; sourceTree = "<group>"; };
		513212531D68416C0063A87A /* PersistenceLayerTests.m */ = {isa = PBXFileReference; lastKnownFileType = sourcecode.c.objc; path = PersistenceLayerTests.m; sourceTree = "<group>"; };
		5132129B1D6851FE0063A87A /* Events.h */ = {isa = PBXFileReference; fileEncoding = 4; lastKnownFileType = sourcecode.c.h; path = Events.h; sourceTree = "<group>"; };
		5132129C1D6851FE0063A87A /* Events.m */ = {isa = PBXFileReference; fileEncoding = 4; lastKnownFileType = sourcecode.c.objc; path = Events.m; sourceTree = "<group>"; };
		5132129F1D68520E0063A87A /* Schedule.h */ = {isa = PBXFileReference; fileEncoding = 4; lastKnownFileType = sourcecode.c.h; path = Schedule.h; sourceTree = "<group>"; };
		513212A01D68520E0063A87A /* Schedule.m */ = {isa = PBXFileReference; fileEncoding = 4; lastKnownFileType = sourcecode.c.objc; path = Schedule.m; sourceTree = "<group>"; };
		513212AB1D68547E0063A87A /* EventsDao.h */ = {isa = PBXFileReference; fileEncoding = 4; lastKnownFileType = sourcecode.c.h; path = EventsDao.h; sourceTree = "<group>"; };
		513212AC1D68547E0063A87A /* EventsDao.m */ = {isa = PBXFileReference; fileEncoding = 4; lastKnownFileType = sourcecode.c.objc; path = EventsDao.m; sourceTree = "<group>"; };
		513212AF1D6854980063A87A /* ScheduleDao.h */ = {isa = PBXFileReference; fileEncoding = 4; lastKnownFileType = sourcecode.c.h; path = ScheduleDao.h; sourceTree = "<group>"; };
		513212B01D6854980063A87A /* ScheduleDao.m */ = {isa = PBXFileReference; fileEncoding = 4; lastKnownFileType = sourcecode.c.objc; path = ScheduleDao.m; sourceTree = "<group>"; };
/* End PBXFileReference section */

/* Begin PBXFrameworksBuildPhase section */
		5132123D1D68416C0063A87A /* Frameworks */ = {
			isa = PBXFrameworksBuildPhase;
			buildActionMask = 2147483647;
			files = (
			);
			runOnlyForDeploymentPostprocessing = 0;
		};
		513212491D68416C0063A87A /* Frameworks */ = {
			isa = PBXFrameworksBuildPhase;
			buildActionMask = 2147483647;
			files = (
				5132124D1D68416C0063A87A /* PersistenceLayer.framework in Frameworks */,
			);
			runOnlyForDeploymentPostprocessing = 0;
		};
/* End PBXFrameworksBuildPhase section */

/* Begin PBXGroup section */
		513212371D68416C0063A87A = {
			isa = PBXGroup;
			children = (
				513212431D68416C0063A87A /* PersistenceLayer */,
				513212501D68416C0063A87A /* PersistenceLayerTests */,
				513212421D68416C0063A87A /* Products */,
			);
			sourceTree = "<group>";
		};
		513212421D68416C0063A87A /* Products */ = {
			isa = PBXGroup;
			children = (
				513212411D68416C0063A87A /* PersistenceLayer.framework */,
				5132124C1D68416C0063A87A /* PersistenceLayerTests.xctest */,
			);
			name = Products;
			sourceTree = "<group>";
		};
		513212431D68416C0063A87A /* PersistenceLayer */ = {
			isa = PBXGroup;
			children = (
				513212461D68416C0063A87A /* PersistenceLayer.h */,
				5132129B1D6851FE0063A87A /* Events.h */,
				5132129C1D6851FE0063A87A /* Events.m */,
				513212AB1D68547E0063A87A /* EventsDao.h */,
				513212AC1D68547E0063A87A /* EventsDao.m */,
				5132129F1D68520E0063A87A /* Schedule.h */,
				513212A01D68520E0063A87A /* Schedule.m */,
				513212AF1D6854980063A87A /* ScheduleDao.h */,
				513212B01D6854980063A87A /* ScheduleDao.m */,
				513212441D68416C0063A87A /* Supporting Files */,
			);
			path = PersistenceLayer;
			sourceTree = "<group>";
		};
		513212441D68416C0063A87A /* Supporting Files */ = {
			isa = PBXGroup;
			children = (
				513212451D68416C0063A87A /* Info.plist */,
			);
			name = "Supporting Files";
			sourceTree = "<group>";
		};
		513212501D68416C0063A87A /* PersistenceLayerTests */ = {
			isa = PBXGroup;
			children = (
				513212531D68416C0063A87A /* PersistenceLayerTests.m */,
				513212511D68416C0063A87A /* Supporting Files */,
			);
			path = PersistenceLayerTests;
			sourceTree = "<group>";
		};
		513212511D68416C0063A87A /* Supporting Files */ = {
			isa = PBXGroup;
			children = (
				513212521D68416C0063A87A /* Info.plist */,
			);
			name = "Supporting Files";
			sourceTree = "<group>";
		};
/* End PBXGroup section */

/* Begin PBXHeadersBuildPhase section */
		5132123E1D68416C0063A87A /* Headers */ = {
			isa = PBXHeadersBuildPhase;
			buildActionMask = 2147483647;
			files = (
				513212471D68416C0063A87A /* PersistenceLayer.h in Headers */,
				5132129D1D6851FE0063A87A /* Events.h in Headers */,
				513212AD1D68547E0063A87A /* EventsDao.h in Headers */,
				513212A11D68520E0063A87A /* Schedule.h in Headers */,
				513212B11D6854980063A87A /* ScheduleDao.h in Headers */,
			);
			runOnlyForDeploymentPostprocessing = 0;
		};
/* End PBXHeadersBuildPhase section */

/* Begin PBXNativeTarget section */
		513212401D68416C0063A87A /* PersistenceLayer */ = {
			isa = PBXNativeTarget;
			buildConfigurationList = 513212571D68416C0063A87A /* Build configuration list for PBXNativeTarget "PersistenceLayer" */;
			buildPhases = (
				5132123C1D68416C0063A87A /* Sources */,
				5132123D1D68416C0063A87A /* Frameworks */,
				5132123E1D68416C0063A87A /* Headers */,
				5132123F1D68416C0063A87A /* Resources */,
			);
			buildRules = (
			);
			dependencies = (
			);
			name = PersistenceLayer;
			productName = PersistenceLayer;
			productReference = 513212411D68416C0063A87A /* PersistenceLayer.framework */;
			productType = "com.apple.product-type.framework";
		};
		5132124B1D68416C0063A87A /* PersistenceLayerTests */ = {
			isa = PBXNativeTarget;
			buildConfigurationList = 5132125A1D68416C0063A87A /* Build configuration list for PBXNativeTarget "PersistenceLayerTests" */;
			buildPhases = (
				513212481D68416C0063A87A /* Sources */,
				513212491D68416C0063A87A /* Frameworks */,
				5132124A1D68416C0063A87A /* Resources */,
			);
			buildRules = (
			);
			dependencies = (
				5132124F1D68416C0063A87A /* PBXTargetDependency */,
			);
			name = PersistenceLayerTests;
			productName = PersistenceLayerTests;
			productReference = 5132124C1D68416C0063A87A /* PersistenceLayerTests.xctest */;
			productType = "com.apple.product-type.bundle.unit-test";
		};
/* End PBXNativeTarget section */

/* Begin PBXProject section */
		513212381D68416C0063A87A /* Project object */ = {
			isa = PBXProject;
			attributes = {
				LastUpgradeCheck = 0640;
				ORGANIZATIONNAME = lanyer;
				TargetAttributes = {
					513212401D68416C0063A87A = {
						CreatedOnToolsVersion = 6.4;
					};
					5132124B1D68416C0063A87A = {
						CreatedOnToolsVersion = 6.4;
					};
				};
			};
			buildConfigurationList = 5132123B1D68416C0063A87A /* Build configuration list for PBXProject "PersistenceLayer" */;
			compatibilityVersion = "Xcode 3.2";
			developmentRegion = English;
			hasScannedForEncodings = 0;
			knownRegions = (
				en,
			);
			mainGroup = 513212371D68416C0063A87A;
			productRefGroup = 513212421D68416C0063A87A /* Products */;
			projectDirPath = "";
			projectRoot = "";
			targets = (
				513212401D68416C0063A87A /* PersistenceLayer */,
				5132124B1D68416C0063A87A /* PersistenceLayerTests */,
			);
		};
/* End PBXProject section */

/* Begin PBXResourcesBuildPhase section */
		5132123F1D68416C0063A87A /* Resources */ = {
			isa = PBXResourcesBuildPhase;
			buildActionMask = 2147483647;
			files = (
			);
			runOnlyForDeploymentPostprocessing = 0;
		};
		5132124A1D68416C0063A87A /* Resources */ = {
			isa = PBXResourcesBuildPhase;
			buildActionMask = 2147483647;
			files = (
			);
			runOnlyForDeploymentPostprocessing = 0;
		};
/* End PBXResourcesBuildPhase section */

/* Begin PBXSourcesBuildPhase section */
		5132123C1D68416C0063A87A /* Sources */ = {
			isa = PBXSourcesBuildPhase;
			buildActionMask = 2147483647;
			files = (
				513212A21D68520E0063A87A /* Schedule.m in Sources */,
				513212B21D6854980063A87A /* ScheduleDao.m in Sources */,
				513212AE1D68547E0063A87A /* EventsDao.m in Sources */,
				5132129E1D6851FE0063A87A /* Events.m in Sources */,
			);
			runOnlyForDeploymentPostprocessing = 0;
		};
		513212481D68416C0063A87A /* Sources */ = {
			isa = PBXSourcesBuildPhase;
			buildActionMask = 2147483647;
			files = (
				513212541D68416C0063A87A /* PersistenceLayerTests.m in Sources */,
			);
			runOnlyForDeploymentPostprocessing = 0;
		};
/* End PBXSourcesBuildPhase section */

/* Begin PBXTargetDependency section */
		5132124F1D68416C0063A87A /* PBXTargetDependency */ = {
			isa = PBXTargetDependency;
			target = 513212401D68416C0063A87A /* PersistenceLayer */;
			targetProxy = 5132124E1D68416C0063A87A /* PBXContainerItemProxy */;
		};
/* End PBXTargetDependency section */

/* Begin XCBuildConfiguration section */
		513212551D68416C0063A87A /* Debug */ = {
			isa = XCBuildConfiguration;
			buildSettings = {
				ALWAYS_SEARCH_USER_PATHS = NO;
				CLANG_CXX_LANGUAGE_STANDARD = "gnu++0x";
				CLANG_CXX_LIBRARY = "libc++";
				CLANG_ENABLE_MODULES = YES;
				CLANG_ENABLE_OBJC_ARC = YES;
				CLANG_WARN_BOOL_CONVERSION = YES;
				CLANG_WARN_CONSTANT_CONVERSION = YES;
				CLANG_WARN_DIRECT_OBJC_ISA_USAGE = YES_ERROR;
				CLANG_WARN_EMPTY_BODY = YES;
				CLANG_WARN_ENUM_CONVERSION = YES;
				CLANG_WARN_INT_CONVERSION = YES;
				CLANG_WARN_OBJC_ROOT_CLASS = YES_ERROR;
				CLANG_WARN_UNREACHABLE_CODE = YES;
				CLANG_WARN__DUPLICATE_METHOD_MATCH = YES;
				"CODE_SIGN_IDENTITY[sdk=iphoneos*]" = "iPhone Developer";
				COPY_PHASE_STRIP = NO;
				CURRENT_PROJECT_VERSION = 1;
				DEBUG_INFORMATION_FORMAT = "dwarf-with-dsym";
				ENABLE_STRICT_OBJC_MSGSEND = YES;
				GCC_C_LANGUAGE_STANDARD = gnu99;
				GCC_DYNAMIC_NO_PIC = NO;
				GCC_NO_COMMON_BLOCKS = YES;
				GCC_OPTIMIZATION_LEVEL = 0;
				GCC_PREPROCESSOR_DEFINITIONS = (
					"DEBUG=1",
					"$(inherited)",
				);
				GCC_SYMBOLS_PRIVATE_EXTERN = NO;
				GCC_WARN_64_TO_32_BIT_CONVERSION = YES;
				GCC_WARN_ABOUT_RETURN_TYPE = YES_ERROR;
				GCC_WARN_UNDECLARED_SELECTOR = YES;
				GCC_WARN_UNINITIALIZED_AUTOS = YES_AGGRESSIVE;
				GCC_WARN_UNUSED_FUNCTION = YES;
				GCC_WARN_UNUSED_VARIABLE = YES;
				IPHONEOS_DEPLOYMENT_TARGET = 8.4;
				MTL_ENABLE_DEBUG_INFO = YES;
				ONLY_ACTIVE_ARCH = YES;
				SDKROOT = iphoneos;
				TARGETED_DEVICE_FAMILY = "1,2";
				VERSIONING_SYSTEM = "apple-generic";
				VERSION_INFO_PREFIX = "";
			};
			name = Debug;
		};
		513212561D68416C0063A87A /* Release */ = {
			isa = XCBuildConfiguration;
			buildSettings = {
				ALWAYS_SEARCH_USER_PATHS = NO;
				CLANG_CXX_LANGUAGE_STANDARD = "gnu++0x";
				CLANG_CXX_LIBRARY = "libc++";
				CLANG_ENABLE_MODULES = YES;
				CLANG_ENABLE_OBJC_ARC = YES;
				CLANG_WARN_BOOL_CONVERSION = YES;
				CLANG_WARN_CONSTANT_CONVERSION = YES;
				CLANG_WARN_DIRECT_OBJC_ISA_USAGE = YES_ERROR;
				CLANG_WARN_EMPTY_BODY = YES;
				CLANG_WARN_ENUM_CONVERSION = YES;
				CLANG_WARN_INT_CONVERSION = YES;
				CLANG_WARN_OBJC_ROOT_CLASS = YES_ERROR;
				CLANG_WARN_UNREACHABLE_CODE = YES;
				CLANG_WARN__DUPLICATE_METHOD_MATCH = YES;
				"CODE_SIGN_IDENTITY[sdk=iphoneos*]" = "iPhone Developer";
				COPY_PHASE_STRIP = NO;
				CURRENT_PROJECT_VERSION = 1;
				DEBUG_INFORMATION_FORMAT = "dwarf-with-dsym";
				ENABLE_NS_ASSERTIONS = NO;
				ENABLE_STRICT_OBJC_MSGSEND = YES;
				GCC_C_LANGUAGE_STANDARD = gnu99;
				GCC_NO_COMMON_BLOCKS = YES;
				GCC_WARN_64_TO_32_BIT_CONVERSION = YES;
				GCC_WARN_ABOUT_RETURN_TYPE = YES_ERROR;
				GCC_WARN_UNDECLARED_SELECTOR = YES;
				GCC_WARN_UNINITIALIZED_AUTOS = YES_AGGRESSIVE;
				GCC_WARN_UNUSED_FUNCTION = YES;
				GCC_WARN_UNUSED_VARIABLE = YES;
				IPHONEOS_DEPLOYMENT_TARGET = 8.4;
				MTL_ENABLE_DEBUG_INFO = NO;
				SDKROOT = iphoneos;
				TARGETED_DEVICE_FAMILY = "1,2";
				VALIDATE_PRODUCT = YES;
				VERSIONING_SYSTEM = "apple-generic";
				VERSION_INFO_PREFIX = "";
			};
			name = Release;
		};
		513212581D68416C0063A87A /* Debug */ = {
			isa = XCBuildConfiguration;
			buildSettings = {
				DEFINES_MODULE = YES;
				DYLIB_COMPATIBILITY_VERSION = 1;
				DYLIB_CURRENT_VERSION = 1;
				DYLIB_INSTALL_NAME_BASE = "@rpath";
				INFOPLIST_FILE = PersistenceLayer/Info.plist;
				INSTALL_PATH = "$(LOCAL_LIBRARY_DIR)/Frameworks";
				LD_RUNPATH_SEARCH_PATHS = "$(inherited) @executable_path/Frameworks @loader_path/Frameworks";
				PRODUCT_NAME = "$(TARGET_NAME)";
				SKIP_INSTALL = YES;
			};
			name = Debug;
		};
		513212591D68416C0063A87A /* Release */ = {
			isa = XCBuildConfiguration;
			buildSettings = {
				DEFINES_MODULE = YES;
				DYLIB_COMPATIBILITY_VERSION = 1;
				DYLIB_CURRENT_VERSION = 1;
				DYLIB_INSTALL_NAME_BASE = "@rpath";
				INFOPLIST_FILE = PersistenceLayer/Info.plist;
				INSTALL_PATH = "$(LOCAL_LIBRARY_DIR)/Frameworks";
				LD_RUNPATH_SEARCH_PATHS = "$(inherited) @executable_path/Frameworks @loader_path/Frameworks";
				PRODUCT_NAME = "$(TARGET_NAME)";
				SKIP_INSTALL = YES;
			};
			name = Release;
		};
		5132125B1D68416C0063A87A /* Debug */ = {
			isa = XCBuildConfiguration;
			buildSettings = {
				FRAMEWORK_SEARCH_PATHS = (
					"$(SDKROOT)/Developer/Library/Frameworks",
					"$(inherited)",
				);
				GCC_PREPROCESSOR_DEFINITIONS = (
					"DEBUG=1",
					"$(inherited)",
				);
				INFOPLIST_FILE = PersistenceLayerTests/Info.plist;
				LD_RUNPATH_SEARCH_PATHS = "$(inherited) @executable_path/Frameworks @loader_path/Frameworks";
				PRODUCT_NAME = "$(TARGET_NAME)";
			};
			name = Debug;
		};
		5132125C1D68416C0063A87A /* Release */ = {
			isa = XCBuildConfiguration;
			buildSettings = {
				FRAMEWORK_SEARCH_PATHS = (
					"$(SDKROOT)/Developer/Library/Frameworks",
					"$(inherited)",
				);
				INFOPLIST_FILE = PersistenceLayerTests/Info.plist;
				LD_RUNPATH_SEARCH_PATHS = "$(inherited) @executable_path/Frameworks @loader_path/Frameworks";
				PRODUCT_NAME = "$(TARGET_NAME)";
			};
			name = Release;
		};
/* End XCBuildConfiguration section */

/* Begin XCConfigurationList section */
		5132123B1D68416C0063A87A /* Build configuration list for PBXProject "PersistenceLayer" */ = {
			isa = XCConfigurationList;
			buildConfigurations = (
				513212551D68416C0063A87A /* Debug */,
				513212561D68416C0063A87A /* Release */,
			);
			defaultConfigurationIsVisible = 0;
			defaultConfigurationName = Release;
		};
		513212571D68416C0063A87A /* Build configuration list for PBXNativeTarget "PersistenceLayer" */ = {
			isa = XCConfigurationList;
			buildConfigurations = (
				513212581D68416C0063A87A /* Debug */,
				513212591D68416C0063A87A /* Release */,
			);
			defaultConfigurationIsVisible = 0;
		};
		5132125A1D68416C0063A87A /* Build configuration list for PBXNativeTarget "PersistenceLayerTests" */ = {
			isa = XCConfigurationList;
			buildConfigurations = (
				5132125B1D68416C0063A87A /* Debug */,
				5132125C1D68416C0063A87A /* Release */,
			);
			defaultConfigurationIsVisible = 0;
		};
/* End XCConfigurationList section */
	};
	rootObject = 513212381D68416C0063A87A /* Project object */;
}
